{
  "name": "pi-extensions",
  "version": "file:../../../../.dotfiles/.config/pi/agent/npm",
  "lockfileVersion": 3,
  "requires": true,
  "packages": {
    "": {
      "name": "pi-extensions",
      "dependencies": {
        "@vanillagreen/pi-agents-tmux": "^2.6.6",
        "pi-rewind": "^0.5.0"
      }
    },
    "../../../../.dotfiles/.config/pi/agent/npm/node_modules/@vanillagreen/pi-agents-tmux": {
      "version": "2.6.6",
      "resolved": "https://registry.npmjs.org/@vanillagreen/pi-agents-tmux/-/pi-agents-tmux-2.6.6.tgz",
      "integrity": "sha512-zHfZA6X/tS6aJPEMM0EZqagfPiErFzX/+FUxHgO7i7YkgBS1aqc6FPMmTMOCcNaKSgGJ9PJgqwhRz9XrFxOqOg==",
      "hasInstallScript": true,
      "license": "MIT",
      "engines": {
        "node": ">=22.19.0"
      },
      "peerDependencies": {
        "@earendil-works/pi-ai": "*",
        "@earendil-works/pi-coding-agent": "*",
        "@earendil-works/pi-tui": "*",
        "typebox": "*"
      },
      "peerDependenciesMeta": {
        "@earendil-works/pi-ai": {
          "optional": true
        },
        "@earendil-works/pi-coding-agent": {
          "optional": true
        },
        "@earendil-works/pi-tui": {
          "optional": true
        }
      }
    },
    "../../../../.dotfiles/.config/pi/agent/npm/node_modules/pi-rewind": {
      "version": "0.5.0",
      "resolved": "https://registry.npmjs.org/pi-rewind/-/pi-rewind-0.5.0.tgz",
      "integrity": "sha512-nW6HVg3II7+DhMZAsUX7EJPT2/IgPGXWGDntppS1cyYLfNaVgeBU5bRW7e1acHk1LW18EWdMh6475CRh0PAnGQ==",
      "license": "MIT"
    },
    "../../../../.dotfiles/.dotfiles/.config/pi/agent/npm/node_modules/@vanillagreen/pi-agents-tmux": {
      "version": "2.6.5",
      "resolved": "https://registry.npmjs.org/@vanillagreen/pi-agents-tmux/-/pi-agents-tmux-2.6.5.tgz",
      "integrity": "sha512-X7FlRv9ljDyuE6GzZo6vhu3o1S8MkwZaHm8t0dy1/4gMvYoavTEYKsoOTfY+zqxWupuV9sHonCqkNJMF35Kcig==",
      "extraneous": true,
      "hasInstallScript": true,
      "license": "MIT",
      "engines": {
        "node": ">=22.19.0"
      },
      "peerDependencies": {
        "@earendil-works/pi-ai": "*",
        "@earendil-works/pi-coding-agent": "*",
        "@earendil-works/pi-tui": "*",
        "typebox": "*"
      },
      "peerDependenciesMeta": {
        "@earendil-works/pi-ai": {
          "optional": true
        },
        "@earendil-works/pi-coding-agent": {
          "optional": true
        },
        "@earendil-works/pi-tui": {
          "optional": true
        }
      }
    },
    "../../../../.dotfiles/.dotfiles/.config/pi/agent/npm/node_modules/pi-rewind": {
      "version": "0.5.0",
      "resolved": "https://registry.npmjs.org/pi-rewind/-/pi-rewind-0.5.0.tgz",
      "integrity": "sha512-nW6HVg3II7+DhMZAsUX7EJPT2/IgPGXWGDntppS1cyYLfNaVgeBU5bRW7e1acHk1LW18EWdMh6475CRh0PAnGQ==",
      "extraneous": true,
      "license": "MIT"
    },
    "../../../../.dotfiles/.dotfiles/.dotfiles/.config/pi/agent/npm/node_modules/@vanillagreen/pi-agents-tmux": {
      "version": "2.6.4",
      "resolved": "https://registry.npmjs.org/@vanillagreen/pi-agents-tmux/-/pi-agents-tmux-2.6.4.tgz",
      "integrity": "sha512-DCvBBjgnhz94/aNGcIuzFTfK8dkxj1Ed+Bn3/qiQKZpSgPWLHz3gSWPi6OXEHWbBKg1JkVbsxzj3WHEAv7O2Uw==",
      "extraneous": true,
      "hasInstallScript": true,
      "license": "MIT",
      "engines": {
        "node": ">=22.19.0"
      },
      "peerDependencies": {
        "@earendil-works/pi-ai": "*",
        "@earendil-works/pi-coding-agent": "*",
        "@earendil-works/pi-tui": "*",
        "typebox": "*"
      },
      "peerDependenciesMeta": {
        "@earendil-works/pi-ai": {
          "optional": true
        },
        "@earendil-works/pi-coding-agent": {
          "optional": true
        },
        "@earendil-works/pi-tui": {
          "optional": true
        }
      }
    },
    "../../../../.dotfiles/.dotfiles/.dotfiles/.config/pi/agent/npm/node_modules/pi-rewind": {
      "version": "0.5.0",
      "resolved": "https://registry.npmjs.org/pi-rewind/-/pi-rewind-0.5.0.tgz",
      "integrity": "sha512-nW6HVg3II7+DhMZAsUX7EJPT2/IgPGXWGDntppS1cyYLfNaVgeBU5bRW7e1acHk1LW18EWdMh6475CRh0PAnGQ==",
      "extraneous": true,
      "license": "MIT"
    },
    "../../../../.dotfiles/.dotfiles/.dotfiles/.config/pi/agent/npm/node_modules/typebox": {
      "version": "1.3.4",
      "resolved": "https://registry.npmjs.org/typebox/-/typebox-1.3.4.tgz",
      "integrity": "sha512-j3MCKfJMIHdrr4ZQMzaJnvXrUbMNuncwssmQkny3Cv5vxrDE1o1WhZFEqGSlU884xtYS5sAa3O/XsUPbUbPWKQ==",
      "extraneous": true,
      "license": "MIT"
    },
    "../../../../.dotfiles/.dotfiles/.dotfiles/.dotfiles/.config/pi/agent/npm/node_modules/@vanillagreen/pi-agents-tmux": {
      "version": "2.6.4",
      "resolved": "https://registry.npmjs.org/@vanillagreen/pi-agents-tmux/-/pi-agents-tmux-2.6.4.tgz",
      "integrity": "sha512-DCvBBjgnhz94/aNGcIuzFTfK8dkxj1Ed+Bn3/qiQKZpSgPWLHz3gSWPi6OXEHWbBKg1JkVbsxzj3WHEAv7O2Uw==",
      "extraneous": true,
      "hasInstallScript": true,
      "license": "MIT",
      "engines": {
        "node": ">=22.19.0"
      },
      "peerDependencies": {
        "@earendil-works/pi-ai": "*",
        "@earendil-works/pi-coding-agent": "*",
        "@earendil-works/pi-tui": "*",
        "typebox": "*"
      },
      "peerDependenciesMeta": {
        "@earendil-works/pi-ai": {
          "optional": true
        },
        "@earendil-works/pi-coding-agent": {
          "optional": true
        },
        "@earendil-works/pi-tui": {
          "optional": true
        }
      }
    },
    "../../../../.dotfiles/.dotfiles/.dotfiles/.dotfiles/.config/pi/agent/npm/node_modules/@vanillagreen/pi-qol": {
      "version": "1.7.2",
      "resolved": "https://registry.npmjs.org/@vanillagreen/pi-qol/-/pi-qol-1.7.2.tgz",
      "integrity": "sha512-+65UjZ4WJsTVy+CKgJf+xo8OalK7BdsWAoBwPtFPVazakJbhnQpIIrZz4aCtWcbMASk3bcPGIV5EB1N2bj1HOg==",
      "extraneous": true,
      "license": "MIT",
      "engines": {
        "node": ">=22.19.0"
      },
      "peerDependencies": {
        "@earendil-works/pi-agent-core": "*",
        "@earendil-works/pi-ai": "*",
        "@earendil-works/pi-coding-agent": "*",
        "@earendil-works/pi-tui": "*"
      },
      "peerDependenciesMeta": {
        "@earendil-works/pi-agent-core": {
          "optional": true
        },
        "@earendil-works/pi-ai": {
          "optional": true
        },
        "@earendil-works/pi-coding-agent": {
          "optional": true
        },
        "@earendil-works/pi-tui": {
          "optional": true
        }
      }
    },
    "../../../../.dotfiles/.dotfiles/.dotfiles/.dotfiles/.config/pi/agent/npm/node_modules/pi-rewind": {
      "version": "0.5.0",
      "resolved": "https://registry.npmjs.org/pi-rewind/-/pi-rewind-0.5.0.tgz",
      "integrity": "sha512-nW6HVg3II7+DhMZAsUX7EJPT2/IgPGXWGDntppS1cyYLfNaVgeBU5bRW7e1acHk1LW18EWdMh6475CRh0PAnGQ==",
      "extraneous": true,
      "license": "MIT"
    },
    "../../../../.dotfiles/.dotfiles/.dotfiles/.dotfiles/.dotfiles/.config/pi/agent/npm/node_modules/@vanillagreen/pi-agents-tmux": {
      "version": "2.6.4",
      "resolved": "https://registry.npmjs.org/@vanillagreen/pi-agents-tmux/-/pi-agents-tmux-2.6.4.tgz",
      "integrity": "sha512-DCvBBjgnhz94/aNGcIuzFTfK8dkxj1Ed+Bn3/qiQKZpSgPWLHz3gSWPi6OXEHWbBKg1JkVbsxzj3WHEAv7O2Uw==",
      "extraneous": true,
      "hasInstallScript": true,
      "license": "MIT",
      "engines": {
        "node": ">=22.19.0"
      },
      "peerDependencies": {
        "@earendil-works/pi-ai": "*",
        "@earendil-works/pi-coding-agent": "*",
        "@earendil-works/pi-tui": "*",
        "typebox": "*"
      },
      "peerDependenciesMeta": {
        "@earendil-works/pi-ai": {
          "optional": true
        },
        "@earendil-works/pi-coding-agent": {
          "optional": true
        },
        "@earendil-works/pi-tui": {
          "optional": true
        }
      }
    },
    "../../../../.dotfiles/.dotfiles/.dotfiles/.dotfiles/.dotfiles/.config/pi/agent/npm/node_modules/pi-rewind": {
      "version": "0.5.0",
      "resolved": "https://registry.npmjs.org/pi-rewind/-/pi-rewind-0.5.0.tgz",
      "integrity": "sha512-nW6HVg3II7+DhMZAsUX7EJPT2/IgPGXWGDntppS1cyYLfNaVgeBU5bRW7e1acHk1LW18EWdMh6475CRh0PAnGQ==",
      "extraneous": true,
      "license": "MIT"
    },
    "../../../../.dotfiles/.dotfiles/.dotfiles/.dotfiles/.dotfiles/.dotfiles/.config/pi/agent/npm/node_modules/pi-rewind": {
      "version": "0.5.0",
      "resolved": "https://registry.npmjs.org/pi-rewind/-/pi-rewind-0.5.0.tgz",
      "integrity": "sha512-nW6HVg3II7+DhMZAsUX7EJPT2/IgPGXWGDntppS1cyYLfNaVgeBU5bRW7e1acHk1LW18EWdMh6475CRh0PAnGQ==",
      "extraneous": true,
      "license": "MIT"
    },
    "../../../../.dotfiles/.dotfiles/.dotfiles/.dotfiles/.dotfiles/.dotfiles/.dotfiles/.config/pi/agent/npm/node_modules/pi-header": {
      "version": "0.2.3",
      "resolved": "https://registry.npmjs.org/pi-header/-/pi-header-0.2.3.tgz",
      "integrity": "sha512-fufsQYEGphr3fkOshaMFQf0zPhAWPHvyUEM2V5eW68jQKAjUvZ/g6JvOKOb1RzuW9WsdPU7kNLjTjXN96xlH3Q==",
      "extraneous": true,
      "license": "MIT",
      "peerDependencies": {
        "@earendil-works/pi-coding-agent": "*",
        "@earendil-works/pi-tui": "*"
      }
    },
    "../../../../.dotfiles/.dotfiles/.dotfiles/.dotfiles/.dotfiles/.dotfiles/.dotfiles/.config/pi/agent/npm/node_modules/pi-rewind": {
      "version": "0.5.0",
      "resolved": "https://registry.npmjs.org/pi-rewind/-/pi-rewind-0.5.0.tgz",
      "integrity": "sha512-nW6HVg3II7+DhMZAsUX7EJPT2/IgPGXWGDntppS1cyYLfNaVgeBU5bRW7e1acHk1LW18EWdMh6475CRh0PAnGQ==",
      "extraneous": true,
      "license": "MIT"
    },
    "../../../../.dotfiles/.dotfiles/.dotfiles/.dotfiles/.dotfiles/.dotfiles/.dotfiles/.dotfiles/.config/pi/agent/npm/node_modules/pi-rewind": {
      "version": "0.5.0",
      "resolved": "https://registry.npmjs.org/pi-rewind/-/pi-rewind-0.5.0.tgz",
      "integrity": "sha512-nW6HVg3II7+DhMZAsUX7EJPT2/IgPGXWGDntppS1cyYLfNaVgeBU5bRW7e1acHk1LW18EWdMh6475CRh0PAnGQ==",
      "extraneous": true,
      "license": "MIT"
    },
    "../../../../.dotfiles/.dotfiles/.dotfiles/.dotfiles/.dotfiles/.dotfiles/.dotfiles/.dotfiles/.dotfiles/.config/pi/agent/npm/node_modules/@juicesharp/rpiv-ask-user-question": {
      "version": "1.20.0",
      "resolved": "https://registry.npmjs.org/@juicesharp/rpiv-ask-user-question/-/rpiv-ask-user-question-1.20.0.tgz",
      "integrity": "sha512-nccqKqeKoMDO9EZtAotyA/OkHBj+tl2jJBBSpP+1Ndyf7fnU592AO8Ax2Xk9VywHOYVz2X/66d/wC3oFUekV5Q==",
      "extraneous": true,
      "license": "MIT",
      "dependencies": {
        "@juicesharp/rpiv-config": "^1.20.0"
      },
      "peerDependencies": {
        "@earendil-works/pi-coding-agent": "*",
        "@earendil-works/pi-tui": "*",
        "@juicesharp/rpiv-i18n": "*",
        "typebox": "*"
      },
      "peerDependenciesMeta": {
        "@juicesharp/rpiv-i18n": {
          "optional": true
        }
      }
    },
    "../../../../.dotfiles/.dotfiles/.dotfiles/.dotfiles/.dotfiles/.dotfiles/.dotfiles/.dotfiles/.dotfiles/.config/pi/agent/npm/node_modules/@juicesharp/rpiv-config": {
      "version": "1.20.0",
      "resolved": "https://registry.npmjs.org/@juicesharp/rpiv-config/-/rpiv-config-1.20.0.tgz",
      "integrity": "sha512-eu/sEBDt/+9kP40yCtlu04kRUxkQNaG1APzNIgnt5dGsualcwruedLWX9vtt0Fg4NSCAlNx5b2r9VjcWgAJirQ==",
      "extraneous": true,
      "license": "MIT",
      "peerDependencies": {
        "typebox": "*"
      }
    },
    "../../../../.dotfiles/.dotfiles/.dotfiles/.dotfiles/.dotfiles/.dotfiles/.dotfiles/.dotfiles/.dotfiles/.config/pi/agent/npm/node_modules/pi-rewind": {
      "version": "0.5.0",
      "resolved": "https://registry.npmjs.org/pi-rewind/-/pi-rewind-0.5.0.tgz",
      "integrity": "sha512-nW6HVg3II7+DhMZAsUX7EJPT2/IgPGXWGDntppS1cyYLfNaVgeBU5bRW7e1acHk1LW18EWdMh6475CRh0PAnGQ==",
      "extraneous": true,
      "license": "MIT"
    },
    "../../../../.dotfiles/.dotfiles/.dotfiles/.dotfiles/.dotfiles/.dotfiles/.dotfiles/.dotfiles/.dotfiles/.dotfiles/.config/pi/agent/npm/node_modules/@juicesharp/rpiv-ask-user-question": {
      "version": "1.20.0",
      "resolved": "https://registry.npmjs.org/@juicesharp/rpiv-ask-user-question/-/rpiv-ask-user-question-1.20.0.tgz",
      "integrity": "sha512-nccqKqeKoMDO9EZtAotyA/OkHBj+tl2jJBBSpP+1Ndyf7fnU592AO8Ax2Xk9VywHOYVz2X/66d/wC3oFUekV5Q==",
      "extraneous": true,
      "license": "MIT",
      "dependencies": {
        "@juicesharp/rpiv-config": "^1.20.0"
      },
      "peerDependencies": {
        "@earendil-works/pi-coding-agent": "*",
        "@earendil-works/pi-tui": "*",
        "@juicesharp/rpiv-i18n": "*",
        "typebox": "*"
      },
      "peerDependenciesMeta": {
        "@juicesharp/rpiv-i18n": {
          "optional": true
        }
      }
    },
    "../../../../.dotfiles/.dotfiles/.dotfiles/.dotfiles/.dotfiles/.dotfiles/.dotfiles/.dotfiles/.dotfiles/.dotfiles/.config/pi/agent/npm/node_modules/@juicesharp/rpiv-config": {
      "version": "1.20.0",
      "resolved": "https://registry.npmjs.org/@juicesharp/rpiv-config/-/rpiv-config-1.20.0.tgz",
      "integrity": "sha512-eu/sEBDt/+9kP40yCtlu04kRUxkQNaG1APzNIgnt5dGsualcwruedLWX9vtt0Fg4NSCAlNx5b2r9VjcWgAJirQ==",
      "extraneous": true,
      "license": "MIT",
      "peerDependencies": {
        "typebox": "*"
      }
    },
    "../../../../.dotfiles/.dotfiles/.dotfiles/.dotfiles/.dotfiles/.dotfiles/.dotfiles/.dotfiles/.dotfiles/.dotfiles/.config/pi/agent/npm/node_modules/pi-rewind": {
      "version": "0.5.0",
      "resolved": "https://registry.npmjs.org/pi-rewind/-/pi-rewind-0.5.0.tgz",
      "integrity": "sha512-nW6HVg3II7+DhMZAsUX7EJPT2/IgPGXWGDntppS1cyYLfNaVgeBU5bRW7e1acHk1LW18EWdMh6475CRh0PAnGQ==",
      "extraneous": true,
      "license": "MIT"
    },
    "../../../../.dotfiles/.dotfiles/.dotfiles/.dotfiles/.dotfiles/.dotfiles/.dotfiles/.dotfiles/.dotfiles/.dotfiles/.dotfiles/.config/pi/agent/npm/node_modules/pi-rewind": {
      "version": "0.5.0",
      "resolved": "https://registry.npmjs.org/pi-rewind/-/pi-rewind-0.5.0.tgz",
      "integrity": "sha512-nW6HVg3II7+DhMZAsUX7EJPT2/IgPGXWGDntppS1cyYLfNaVgeBU5bRW7e1acHk1LW18EWdMh6475CRh0PAnGQ==",
      "extraneous": true,
      "license": "MIT"
    }
  }
}
