{
  "name": "pi-extensions",
  "version": "file:../../../../.dotfiles/.config/pi/agent/npm",
  "lockfileVersion": 3,
  "requires": true,
  "packages": {
    "": {
      "name": "pi-extensions",
      "dependencies": {
        "pi-rewind": "^0.5.0"
      }
    },
    "../../../../.dotfiles/.config/pi/agent/npm/node_modules/pi-rewind": {
      "version": "0.5.0",
      "resolved": "https://registry.npmjs.org/pi-rewind/-/pi-rewind-0.5.0.tgz",
      "integrity": "sha512-nW6HVg3II7+DhMZAsUX7EJPT2/IgPGXWGDntppS1cyYLfNaVgeBU5bRW7e1acHk1LW18EWdMh6475CRh0PAnGQ==",
      "license": "MIT"
    },
    "../../../../.dotfiles/.dotfiles/.config/pi/agent/npm/node_modules/@juicesharp/rpiv-ask-user-question": {
      "version": "1.20.0",
      "resolved": "https://registry.npmjs.org/@juicesharp/rpiv-ask-user-question/-/rpiv-ask-user-question-1.20.0.tgz",
      "integrity": "sha512-nccqKqeKoMDO9EZtAotyA/OkHBj+tl2jJBBSpP+1Ndyf7fnU592AO8Ax2Xk9VywHOYVz2X/66d/wC3oFUekV5Q==",
      "extraneous": true,
      "license": "MIT",
      "dependencies": {
        "@juicesharp/rpiv-config": "^1.20.0"
      },
      "peerDependencies": {
        "@earendil-works/pi-coding-agent": "*",
        "@earendil-works/pi-tui": "*",
        "@juicesharp/rpiv-i18n": "*",
        "typebox": "*"
      },
      "peerDependenciesMeta": {
        "@juicesharp/rpiv-i18n": {
          "optional": true
        }
      }
    },
    "../../../../.dotfiles/.dotfiles/.config/pi/agent/npm/node_modules/@juicesharp/rpiv-config": {
      "version": "1.20.0",
      "resolved": "https://registry.npmjs.org/@juicesharp/rpiv-config/-/rpiv-config-1.20.0.tgz",
      "integrity": "sha512-eu/sEBDt/+9kP40yCtlu04kRUxkQNaG1APzNIgnt5dGsualcwruedLWX9vtt0Fg4NSCAlNx5b2r9VjcWgAJirQ==",
      "extraneous": true,
      "license": "MIT",
      "peerDependencies": {
        "typebox": "*"
      }
    },
    "../../../../.dotfiles/.dotfiles/.config/pi/agent/npm/node_modules/pi-rewind": {
      "version": "0.5.0",
      "resolved": "https://registry.npmjs.org/pi-rewind/-/pi-rewind-0.5.0.tgz",
      "integrity": "sha512-nW6HVg3II7+DhMZAsUX7EJPT2/IgPGXWGDntppS1cyYLfNaVgeBU5bRW7e1acHk1LW18EWdMh6475CRh0PAnGQ==",
      "extraneous": true,
      "license": "MIT"
    },
    "../../../../.dotfiles/.dotfiles/.dotfiles/.config/pi/agent/npm/node_modules/@juicesharp/rpiv-ask-user-question": {
      "version": "1.20.0",
      "resolved": "https://registry.npmjs.org/@juicesharp/rpiv-ask-user-question/-/rpiv-ask-user-question-1.20.0.tgz",
      "integrity": "sha512-nccqKqeKoMDO9EZtAotyA/OkHBj+tl2jJBBSpP+1Ndyf7fnU592AO8Ax2Xk9VywHOYVz2X/66d/wC3oFUekV5Q==",
      "extraneous": true,
      "license": "MIT",
      "dependencies": {
        "@juicesharp/rpiv-config": "^1.20.0"
      },
      "peerDependencies": {
        "@earendil-works/pi-coding-agent": "*",
        "@earendil-works/pi-tui": "*",
        "@juicesharp/rpiv-i18n": "*",
        "typebox": "*"
      },
      "peerDependenciesMeta": {
        "@juicesharp/rpiv-i18n": {
          "optional": true
        }
      }
    },
    "../../../../.dotfiles/.dotfiles/.dotfiles/.config/pi/agent/npm/node_modules/@juicesharp/rpiv-config": {
      "version": "1.20.0",
      "resolved": "https://registry.npmjs.org/@juicesharp/rpiv-config/-/rpiv-config-1.20.0.tgz",
      "integrity": "sha512-eu/sEBDt/+9kP40yCtlu04kRUxkQNaG1APzNIgnt5dGsualcwruedLWX9vtt0Fg4NSCAlNx5b2r9VjcWgAJirQ==",
      "extraneous": true,
      "license": "MIT",
      "peerDependencies": {
        "typebox": "*"
      }
    },
    "../../../../.dotfiles/.dotfiles/.dotfiles/.config/pi/agent/npm/node_modules/pi-rewind": {
      "version": "0.5.0",
      "resolved": "https://registry.npmjs.org/pi-rewind/-/pi-rewind-0.5.0.tgz",
      "integrity": "sha512-nW6HVg3II7+DhMZAsUX7EJPT2/IgPGXWGDntppS1cyYLfNaVgeBU5bRW7e1acHk1LW18EWdMh6475CRh0PAnGQ==",
      "extraneous": true,
      "license": "MIT"
    },
    "../../../../.dotfiles/.dotfiles/.dotfiles/.dotfiles/.config/pi/agent/npm/node_modules/pi-rewind": {
      "version": "0.5.0",
      "resolved": "https://registry.npmjs.org/pi-rewind/-/pi-rewind-0.5.0.tgz",
      "integrity": "sha512-nW6HVg3II7+DhMZAsUX7EJPT2/IgPGXWGDntppS1cyYLfNaVgeBU5bRW7e1acHk1LW18EWdMh6475CRh0PAnGQ==",
      "extraneous": true,
      "license": "MIT"
    }
  }
}
